dependencies:
- name: kubestash-operator
  repository: file://../kubestash-operator
  version: v0.23.0-rc.0
- name: kubestash-catalog
  repository: file://../kubestash-catalog
  version: v2026.1.8-rc.0
- name: kubestash-metrics
  repository: file://../kubestash-metrics
  version: v2026.1.8-rc.0
- name: ace-user-roles
  repository: oci://ghcr.io/appscode-charts
  version: v2025.3.14
- name: taskqueue
  repository: oci://ghcr.io/appscode-charts
  version: v2026.1.15
digest: sha256:d2d794cce6c5f61a6517e0935012a44f3f442a864c46e1c628a5ad83503dbcea
generated: "2026-01-14T21:36:10.323574+06:00"
