dependencies:
- name: kubestash-operator
  repository: file://../kubestash-operator
  version: v0.29.0-rc.0
- name: kubestash-catalog
  repository: file://../kubestash-catalog
  version: v2026.8.12-rc.0
- name: kubestash-metrics
  repository: file://../kubestash-metrics
  version: v2026.8.12-rc.0
- name: ace-user-roles
  repository: oci://ghcr.io/appscode-charts
  version: v2026.6.12
- name: taskqueue
  repository: oci://ghcr.io/appscode-charts
  version: v2026.2.16
digest: sha256:743eb8c88ac95c41b18efea168f90f480123e67d990168b615ea94c30ad4963b
generated: "2026-08-12T05:02:40.722631475Z"
