dependencies:
- name: kubestash-operator
  repository: file://../kubestash-operator
  version: v0.22.0
- name: kubestash-catalog
  repository: file://../kubestash-catalog
  version: v2025.12.15
- name: kubestash-metrics
  repository: file://../kubestash-metrics
  version: v2025.12.15
- name: ace-user-roles
  repository: oci://ghcr.io/appscode-charts
  version: v2025.3.14
- name: taskqueue
  repository: oci://ghcr.io/appscode-charts
  version: v2025.12.15
digest: sha256:74a562cbda156a202df836411e156f7b5cd18b9844a9f3c2037ff6c5d983794f
generated: "2025-12-13T04:46:55.926535848Z"
